
Microsoft Visual Studio Solution File, Format Version 12.00
# Visual Studio Version 17
VisualStudioVersion = 17.11.35312.102
MinimumVisualStudioVersion = 10.0.40219.1
Project("{FAE04EC0-301F-11D3-BF4B-00C04F79EFBC}") = "WarehouseDLHI_App", "WarehouseDLHI_App\WarehouseDLHI_App.csproj", "{DBF3094E-19D8-4995-BFCB-E2D9824676DD}"
EndProject
Global
	GlobalSection(SolutionConfigurationPlatforms) = preSolution
		Debug|Any CPU = Debug|Any CPU
		Release|Any CPU = Release|Any CPU
	EndGlobalSection
	GlobalSection(ProjectConfigurationPlatforms) = postSolution
		{DBF3094E-19D8-4995-BFCB-E2D9824676DD}.Debug|Any CPU.ActiveCfg = Debug|Any CPU
		{DBF3094E-19D8-4995-BFCB-E2D9824676DD}.Debug|Any CPU.Build.0 = Debug|Any CPU
		{DBF3094E-19D8-4995-BFCB-E2D9824676DD}.Release|Any CPU.ActiveCfg = Release|Any CPU
		{DBF3094E-19D8-4995-BFCB-E2D9824676DD}.Release|Any CPU.Build.0 = Release|Any CPU
	EndGlobalSection
	GlobalSection(SolutionProperties) = preSolution
		HideSolutionNode = FALSE
	EndGlobalSection
	GlobalSection(ExtensibilityGlobals) = postSolution
		SolutionGuid = {0DD1CAB7-202E-473F-AE05-815124E51DFA}
	EndGlobalSection
EndGlobal
